{
  "lockfile_version": "1",
  "packages": {
    "gawk@latest": {
      "last_modified": "2024-09-10T15:01:03Z",
      "resolved": "github:NixOS/nixpkgs/5ed627539ac84809c78b2dd6d26a5cebeb5ae269#gawk",
      "source": "devbox-search",
      "version": "5.2.2",
      "systems": {
        "aarch64-darwin": {
          "outputs": [
            {
              "name": "out",
              "path": "/nix/store/cqaf3cx80idg9xrqca65rpm3ax8m2xpq-gawk-5.2.2",
              "default": true
            },
            {
              "name": "man",
              "path": "/nix/store/g2qk5ryb23d7m0nkz86wvm8i1ykybq7s-gawk-5.2.2-man",
              "default": true
            },
            {
              "name": "info",
              "path": "/nix/store/gpxlzmrnwh690km433m4xkxja66pxfh7-gawk-5.2.2-info"
            }
          ],
          "store_path": "/nix/store/cqaf3cx80idg9xrqca65rpm3ax8m2xpq-gawk-5.2.2"
        },
        "aarch64-linux": {
          "outputs": [
            {
              "name": "out",
              "path": "/nix/store/0wlv1bcjfjgncikkh68llwgg2ali8xf1-gawk-5.2.2",
              "default": true
            },
            {
              "name": "man",
              "path": "/nix/store/d801qi3gispl490iw4qlhmazhwxdkk39-gawk-5.2.2-man",
              "default": true
            },
            {
              "name": "info",
              "path": "/nix/store/mkq08j74wbi3arq4qsggndw5fgck1s2n-gawk-5.2.2-info"
            }
          ],
          "store_path": "/nix/store/0wlv1bcjfjgncikkh68llwgg2ali8xf1-gawk-5.2.2"
        },
        "x86_64-darwin": {
          "outputs": [
            {
              "name": "out",
              "path": "/nix/store/y8cn75c0rdnw8mviwhk7bz91zj4jw1s1-gawk-5.2.2",
              "default": true
            },
            {
              "name": "man",
              "path": "/nix/store/gj7n6fbbvdmxnvl6n6p5lyg4zajif5ay-gawk-5.2.2-man",
              "default": true
            },
            {
              "name": "info",
              "path": "/nix/store/b8ngqq0gl1kid9vfbap3v863clv4l3jf-gawk-5.2.2-info"
            }
          ],
          "store_path": "/nix/store/y8cn75c0rdnw8mviwhk7bz91zj4jw1s1-gawk-5.2.2"
        },
        "x86_64-linux": {
          "outputs": [
            {
              "name": "out",
              "path": "/nix/store/9hifsxkcrkvvb712ghnr3gy5g1aiym2d-gawk-5.2.2",
              "default": true
            },
            {
              "name": "man",
              "path": "/nix/store/252haq448sc5mx4z37j0akf0wlf68fnv-gawk-5.2.2-man",
              "default": true
            },
            {
              "name": "info",
              "path": "/nix/store/r11v06a65aqpgxl030id531zb7v1sv6g-gawk-5.2.2-info"
            }
          ],
          "store_path": "/nix/store/9hifsxkcrkvvb712ghnr3gy5g1aiym2d-gawk-5.2.2"
        }
      }
    },
    "gettext@latest": {
      "last_modified": "2024-09-15T10:42:20Z",
      "resolved": "github:NixOS/nixpkgs/76d7694a3f681b0b750c01783df5d2177ef39fe7#gettext",
      "source": "devbox-search",
      "version": "0.21.1",
      "systems": {
        "aarch64-darwin": {
          "outputs": [
            {
              "name": "out",
              "path": "/nix/store/5v9hx01bnc73jrs2h6n8c1g1fq2g1038-gettext-0.21.1",
              "default": true
            },
            {
              "name": "man",
              "path": "/nix/store/f1s24xnjlmh91j85snk1cdzaqx6zz1a1-gettext-0.21.1-man",
              "default": true
            },
            {
              "name": "doc",
              "path": "/nix/store/8zs6w8kai3mwmwxsqvcia652x89krrv0-gettext-0.21.1-doc"
            },
            {
              "name": "info",
              "path": "/nix/store/1wk9z1v477f3h18fqak36c5djgsf78kb-gettext-0.21.1-info"
            }
          ],
          "store_path": "/nix/store/5v9hx01bnc73jrs2h6n8c1g1fq2g1038-gettext-0.21.1"
        },
        "aarch64-linux": {
          "outputs": [
            {
              "name": "out",
              "path": "/nix/store/2y5qylcax6kv05sa73l5acmv9axr4g0m-gettext-0.21.1",
              "default": true
            },
            {
              "name": "man",
              "path": "/nix/store/6jb01c6hikx5ilfr46nra3xrnq16p6hy-gettext-0.21.1-man",
              "default": true
            },
            {
              "name": "doc",
              "path": "/nix/store/izxy709z8y6q76s4kg1ygw0nhyjpdk3a-gettext-0.21.1-doc"
            },
            {
              "name": "info",
              "path": "/nix/store/zb0pq8v96ri7na2smwzd6cvcmnan2c28-gettext-0.21.1-info"
            }
          ],
          "store_path": "/nix/store/2y5qylcax6kv05sa73l5acmv9axr4g0m-gettext-0.21.1"
        },
        "x86_64-darwin": {
          "outputs": [
            {
              "name": "out",
              "path": "/nix/store/zqwgi3m63rjx7aldab0wyyhyw07sys44-gettext-0.21.1",
              "default": true
            },
            {
              "name": "man",
              "path": "/nix/store/2cw8l60vgrfxizvc5712ib7jjaj3vdr1-gettext-0.21.1-man",
              "default": true
            },
            {
              "name": "doc",
              "path": "/nix/store/fpxjrmm6jww58mcn22riqb2fs4hgnccn-gettext-0.21.1-doc"
            },
            {
              "name": "info",
              "path": "/nix/store/ymbadn7gwlxqyl2czrzd0wbpp6828aa2-gettext-0.21.1-info"
            }
          ],
          "store_path": "/nix/store/zqwgi3m63rjx7aldab0wyyhyw07sys44-gettext-0.21.1"
        },
        "x86_64-linux": {
          "outputs": [
            {
              "name": "out",
              "path": "/nix/store/p1mg5zzs2bk762pamss9cdshdsr0n19p-gettext-0.21.1",
              "default": true
            },
            {
              "name": "man",
              "path": "/nix/store/nlkigsd3jvl2fcnv82izfr6xn2d18kfj-gettext-0.21.1-man",
              "default": true
            },
            {
              "name": "doc",
              "path": "/nix/store/xpagsr6n1l0vxgy5647x9415aln16k46-gettext-0.21.1-doc"
            },
            {
              "name": "info",
              "path": "/nix/store/7dc57clh2jg9lahaahqyp04510wj7lnw-gettext-0.21.1-info"
            }
          ],
          "store_path": "/nix/store/p1mg5zzs2bk762pamss9cdshdsr0n19p-gettext-0.21.1"
        }
      }
    },
    "mysql80@latest": {
      "last_modified": "2024-09-10T15:01:03Z",
      "plugin_version": "0.0.3",
      "resolved": "github:NixOS/nixpkgs/5ed627539ac84809c78b2dd6d26a5cebeb5ae269#mysql80",
      "source": "devbox-search",
      "version": "8.0.39",
      "systems": {
        "aarch64-darwin": {
          "outputs": [
            {
              "name": "out",
              "path": "/nix/store/k6liqxjmh0l9f40b2i4mxhqsn554fpmr-mysql-8.0.39",
              "default": true
            },
            {
              "name": "static",
              "path": "/nix/store/cdw9crcl82ydn1m8dbza66damg8m3gcq-mysql-8.0.39-static"
            }
          ],
          "store_path": "/nix/store/k6liqxjmh0l9f40b2i4mxhqsn554fpmr-mysql-8.0.39"
        },
        "aarch64-linux": {
          "outputs": [
            {
              "name": "out",
              "path": "/nix/store/sjaizhx26fwplc6w7kfbymc512nvp9hv-mysql-8.0.39",
              "default": true
            },
            {
              "name": "static",
              "path": "/nix/store/4b9xbp4xnmdd75pfkapilwglpnn9h49j-mysql-8.0.39-static"
            }
          ],
          "store_path": "/nix/store/sjaizhx26fwplc6w7kfbymc512nvp9hv-mysql-8.0.39"
        },
        "x86_64-darwin": {
          "outputs": [
            {
              "name": "out",
              "path": "/nix/store/h2dypf27ngxmr11hkdi5bk9y9z1hpp5w-mysql-8.0.39",
              "default": true
            },
            {
              "name": "static",
              "path": "/nix/store/fy64iingz6jl4ch90kv8is19l8zvs8dw-mysql-8.0.39-static"
            }
          ],
          "store_path": "/nix/store/h2dypf27ngxmr11hkdi5bk9y9z1hpp5w-mysql-8.0.39"
        },
        "x86_64-linux": {
          "outputs": [
            {
              "name": "out",
              "path": "/nix/store/3i9lfp397dm6fva0mj6ncl2ab2k3n8yd-mysql-8.0.39",
              "default": true
            },
            {
              "name": "static",
              "path": "/nix/store/v2zgy9dn8s9gw49a6mki956qj8pjrwkv-mysql-8.0.39-static"
            }
          ],
          "store_path": "/nix/store/3i9lfp397dm6fva0mj6ncl2ab2k3n8yd-mysql-8.0.39"
        }
      }
    },
    "nginx@latest": {
      "last_modified": "2024-09-10T15:01:03Z",
      "plugin_version": "0.0.4",
      "resolved": "github:NixOS/nixpkgs/5ed627539ac84809c78b2dd6d26a5cebeb5ae269#nginx",
      "source": "devbox-search",
      "version": "1.26.2",
      "systems": {
        "aarch64-darwin": {
          "outputs": [
            {
              "name": "out",
              "path": "/nix/store/vqw67wb6s4xa4fqkw1dxgxz5h8q85qgj-nginx-1.26.2",
              "default": true
            },
            {
              "name": "doc",
              "path": "/nix/store/pg1ypw6qyf7m1m5dw15ny759lbqfhrpy-nginx-1.26.2-doc"
            }
          ],
          "store_path": "/nix/store/vqw67wb6s4xa4fqkw1dxgxz5h8q85qgj-nginx-1.26.2"
        },
        "aarch64-linux": {
          "outputs": [
            {
              "name": "out",
              "path": "/nix/store/ndvasaq5v2n34nbkj2yxqijslkfp8kxa-nginx-1.26.2",
              "default": true
            },
            {
              "name": "doc",
              "path": "/nix/store/71crd3aifa531vbwp2wv4s9797f4ynv4-nginx-1.26.2-doc"
            }
          ],
          "store_path": "/nix/store/ndvasaq5v2n34nbkj2yxqijslkfp8kxa-nginx-1.26.2"
        },
        "x86_64-darwin": {
          "outputs": [
            {
              "name": "out",
              "path": "/nix/store/f1j3smgyhnhb77fwd3wyq94fvhi4pbyz-nginx-1.26.2",
              "default": true
            },
            {
              "name": "doc",
              "path": "/nix/store/1i9qmji755p05nicmbysyw5z1s88fni7-nginx-1.26.2-doc"
            }
          ],
          "store_path": "/nix/store/f1j3smgyhnhb77fwd3wyq94fvhi4pbyz-nginx-1.26.2"
        },
        "x86_64-linux": {
          "outputs": [
            {
              "name": "out",
              "path": "/nix/store/s13inrbla7zfllqywq9dvhh3bi3ycvix-nginx-1.26.2",
              "default": true
            },
            {
              "name": "doc",
              "path": "/nix/store/mbaqy4xggsslrz17fpg2nkxl3bil7qsh-nginx-1.26.2-doc"
            }
          ],
          "store_path": "/nix/store/s13inrbla7zfllqywq9dvhh3bi3ycvix-nginx-1.26.2"
        }
      }
    },
    "php83Extensions.curl": {
      "resolved": "github:NixOS/nixpkgs/75a52265bda7fd25e06e3a67dee3f0354e73243c#php83Extensions.curl",
      "source": "nixpkg"
    },
    "php83Extensions.dom": {
      "resolved": "github:NixOS/nixpkgs/75a52265bda7fd25e06e3a67dee3f0354e73243c#php83Extensions.dom",
      "source": "nixpkg"
    },
    "php83Extensions.gd": {
      "resolved": "github:NixOS/nixpkgs/75a52265bda7fd25e06e3a67dee3f0354e73243c#php83Extensions.gd",
      "source": "nixpkg"
    },
    "php83Extensions.intl": {
      "resolved": "github:NixOS/nixpkgs/75a52265bda7fd25e06e3a67dee3f0354e73243c#php83Extensions.intl",
      "source": "nixpkg"
    },
    "php83Extensions.mbstring": {
      "resolved": "github:NixOS/nixpkgs/75a52265bda7fd25e06e3a67dee3f0354e73243c#php83Extensions.mbstring",
      "source": "nixpkg"
    },
    "php83Extensions.openssl": {
      "resolved": "github:NixOS/nixpkgs/75a52265bda7fd25e06e3a67dee3f0354e73243c#php83Extensions.openssl",
      "source": "nixpkg"
    },
    "php83Extensions.zip": {
      "resolved": "github:NixOS/nixpkgs/75a52265bda7fd25e06e3a67dee3f0354e73243c#php83Extensions.zip",
      "source": "nixpkg"
    },
    "php83Packages.composer": {
      "resolved": "github:NixOS/nixpkgs/75a52265bda7fd25e06e3a67dee3f0354e73243c#php83Packages.composer",
      "source": "nixpkg"
    },
    "php83Packages.composer@latest": {
      "last_modified": "2024-09-10T15:01:03Z",
      "resolved": "github:NixOS/nixpkgs/5ed627539ac84809c78b2dd6d26a5cebeb5ae269#php83Packages.composer",
      "source": "devbox-search",
      "version": "2.7.9",
      "systems": {
        "aarch64-darwin": {
          "outputs": [
            {
              "name": "out",
              "path": "/nix/store/8bbh5pdbdzq6vp5h5w8ixzplsx2hnymv-composer-2.7.9",
              "default": true
            }
          ],
          "store_path": "/nix/store/8bbh5pdbdzq6vp5h5w8ixzplsx2hnymv-composer-2.7.9"
        },
        "aarch64-linux": {
          "outputs": [
            {
              "name": "out",
              "path": "/nix/store/xxgasspa2jvxq9knrp8k4p154yidqjhv-composer-2.7.9",
              "default": true
            }
          ],
          "store_path": "/nix/store/xxgasspa2jvxq9knrp8k4p154yidqjhv-composer-2.7.9"
        },
        "x86_64-darwin": {
          "outputs": [
            {
              "name": "out",
              "path": "/nix/store/656grsckzkwk72z0g9d4knwq0cdc2f0z-composer-2.7.9",
              "default": true
            }
          ],
          "store_path": "/nix/store/656grsckzkwk72z0g9d4knwq0cdc2f0z-composer-2.7.9"
        },
        "x86_64-linux": {
          "outputs": [
            {
              "name": "out",
              "path": "/nix/store/ikm0vm76yk5q6iqd4763628vv51s280l-composer-2.7.9",
              "default": true
            }
          ],
          "store_path": "/nix/store/ikm0vm76yk5q6iqd4763628vv51s280l-composer-2.7.9"
        }
      }
    }
  }
}
